// !$*UTF8*$!
{
	archiveVersion = 1;
	classes = {
	};
	objectVersion = 46;
	objects = {

/* Begin PBXBuildFile section */
		2016C8A71D1B20220060651D /* OTMConstants.swift in Sources */ = {isa = PBXBuildFile; fileRef = 2016C8A61D1B20220060651D /* OTMConstants.swift */; };
		203E2AC61CE7549200D55FBC /* GCDBlackBox.swift in Sources */ = {isa = PBXBuildFile; fileRef = 203E2AC51CE7549200D55FBC /* GCDBlackBox.swift */; };
		203E2AC81CE757D400D55FBC /* MapViewController.swift in Sources */ = {isa = PBXBuildFile; fileRef = 203E2AC71CE757D400D55FBC /* MapViewController.swift */; };
		203E2ACA1CE757E600D55FBC /* ListViewController.swift in Sources */ = {isa = PBXBuildFile; fileRef = 203E2AC91CE757E600D55FBC /* ListViewController.swift */; };
		203E2ACC1CE75B2D00D55FBC /* UserCheckin.swift in Sources */ = {isa = PBXBuildFile; fileRef = 203E2ACB1CE75B2D00D55FBC /* UserCheckin.swift */; };
		203E2ACE1CE7745500D55FBC /* MainTabBarController.swift in Sources */ = {isa = PBXBuildFile; fileRef = 203E2ACD1CE7745500D55FBC /* MainTabBarController.swift */; };
		203E2AD01CE77F6B00D55FBC /* FindLocationViewController.swift in Sources */ = {isa = PBXBuildFile; fileRef = 203E2ACF1CE77F6B00D55FBC /* FindLocationViewController.swift */; };
		203E2AD41CEE2AFF00D55FBC /* UserPost.swift in Sources */ = {isa = PBXBuildFile; fileRef = 203E2AD31CEE2AFF00D55FBC /* UserPost.swift */; };
		20535F3C1D02F81300002A85 /* UIViewController.swift in Sources */ = {isa = PBXBuildFile; fileRef = 20535F3B1D02F81300002A85 /* UIViewController.swift */; };
		20535F3E1D02FC7E00002A85 /* OTMClient.swift in Sources */ = {isa = PBXBuildFile; fileRef = 20535F3D1D02FC7E00002A85 /* OTMClient.swift */; };
		20535F401D0302DC00002A85 /* OTMConvenience.swift in Sources */ = {isa = PBXBuildFile; fileRef = 20535F3F1D0302DC00002A85 /* OTMConvenience.swift */; };
		20D514881CDBAD9D000FB081 /* AppDelegate.swift in Sources */ = {isa = PBXBuildFile; fileRef = 20D514871CDBAD9D000FB081 /* AppDelegate.swift */; };
		20D5148A1CDBAD9D000FB081 /* LoginViewController.swift in Sources */ = {isa = PBXBuildFile; fileRef = 20D514891CDBAD9D000FB081 /* LoginViewController.swift */; };
		20D5148D1CDBAD9D000FB081 /* Main.storyboard in Resources */ = {isa = PBXBuildFile; fileRef = 20D5148B1CDBAD9D000FB081 /* Main.storyboard */; };
		20D5148F1CDBAD9D000FB081 /* Assets.xcassets in Resources */ = {isa = PBXBuildFile; fileRef = 20D5148E1CDBAD9D000FB081 /* Assets.xcassets */; };
		20D514921CDBAD9D000FB081 /* LaunchScreen.storyboard in Resources */ = {isa = PBXBuildFile; fileRef = 20D514901CDBAD9D000FB081 /* LaunchScreen.storyboard */; };
		F54F39A61D4672520081DB02 /* SubmitLinkViewController.swift in Sources */ = {isa = PBXBuildFile; fileRef = F54F39A51D4672520081DB02 /* SubmitLinkViewController.swift */; };
		F57F408E1D463FBD003236E6 /* FindOnMapViewController.swift in Sources */ = {isa = PBXBuildFile; fileRef = F57F408D1D463FBD003236E6 /* FindOnMapViewController.swift */; };
/* End PBXBuildFile section */

/* Begin PBXFileReference section */
		2016C8A61D1B20220060651D /* OTMConstants.swift */ = {isa = PBXFileReference; fileEncoding = 4; lastKnownFileType = sourcecode.swift; path = OTMConstants.swift; sourceTree = "<group>"; };
		203E2AC51CE7549200D55FBC /* GCDBlackBox.swift */ = {isa = PBXFileReference; fileEncoding = 4; lastKnownFileType = sourcecode.swift; path = GCDBlackBox.swift; sourceTree = "<group>"; };
		203E2AC71CE757D400D55FBC /* MapViewController.swift */ = {isa = PBXFileReference; fileEncoding = 4; lastKnownFileType = sourcecode.swift; path = MapViewController.swift; sourceTree = "<group>"; };
		203E2AC91CE757E600D55FBC /* ListViewController.swift */ = {isa = PBXFileReference; fileEncoding = 4; lastKnownFileType = sourcecode.swift; path = ListViewController.swift; sourceTree = "<group>"; };
		203E2ACB1CE75B2D00D55FBC /* UserCheckin.swift */ = {isa = PBXFileReference; fileEncoding = 4; lastKnownFileType = sourcecode.swift; path = UserCheckin.swift; sourceTree = "<group>"; };
		203E2ACD1CE7745500D55FBC /* MainTabBarController.swift */ = {isa = PBXFileReference; fileEncoding = 4; lastKnownFileType = sourcecode.swift; path = MainTabBarController.swift; sourceTree = "<group>"; };
		203E2ACF1CE77F6B00D55FBC /* FindLocationViewController.swift */ = {isa = PBXFileReference; fileEncoding = 4; lastKnownFileType = sourcecode.swift; path = FindLocationViewController.swift; sourceTree = "<group>"; };
		203E2AD31CEE2AFF00D55FBC /* UserPost.swift */ = {isa = PBXFileReference; fileEncoding = 4; lastKnownFileType = sourcecode.swift; path = UserPost.swift; sourceTree = "<group>"; };
		20535F3B1D02F81300002A85 /* UIViewController.swift */ = {isa = PBXFileReference; fileEncoding = 4; lastKnownFileType = sourcecode.swift; path = UIViewController.swift; sourceTree = "<group>"; };
		20535F3D1D02FC7E00002A85 /* OTMClient.swift */ = {isa = PBXFileReference; fileEncoding = 4; lastKnownFileType = sourcecode.swift; path = OTMClient.swift; sourceTree = "<group>"; };
		20535F3F1D0302DC00002A85 /* OTMConvenience.swift */ = {isa = PBXFileReference; fileEncoding = 4; lastKnownFileType = sourcecode.swift; path = OTMConvenience.swift; sourceTree = "<group>"; };
		20D514841CDBAD9D000FB081 /* OnTheMap.app */ = {isa = PBXFileReference; explicitFileType = wrapper.application; includeInIndex = 0; path = OnTheMap.app; sourceTree = BUILT_PRODUCTS_DIR; };
		20D514871CDBAD9D000FB081 /* AppDelegate.swift */ = {isa = PBXFileReference; lastKnownFileType = sourcecode.swift; path = AppDelegate.swift; sourceTree = "<group>"; };
		20D514891CDBAD9D000FB081 /* LoginViewController.swift */ = {isa = PBXFileReference; lastKnownFileType = sourcecode.swift; path = LoginViewController.swift; sourceTree = "<group>"; };
		20D5148C1CDBAD9D000FB081 /* Base */ = {isa = PBXFileReference; lastKnownFileType = file.storyboard; name = Base; path = Base.lproj/Main.storyboard; sourceTree = "<group>"; };
		20D5148E1CDBAD9D000FB081 /* Assets.xcassets */ = {isa = PBXFileReference; lastKnownFileType = folder.assetcatalog; path = Assets.xcassets; sourceTree = "<group>"; };
		20D514911CDBAD9D000FB081 /* Base */ = {isa = PBXFileReference; lastKnownFileType = file.storyboard; name = Base; path = Base.lproj/LaunchScreen.storyboard; sourceTree = "<group>"; };
		20D514931CDBAD9D000FB081 /* Info.plist */ = {isa = PBXFileReference; lastKnownFileType = text.plist.xml; path = Info.plist; sourceTree = "<group>"; };
		F54F39A51D4672520081DB02 /* SubmitLinkViewController.swift */ = {isa = PBXFileReference; fileEncoding = 4; lastKnownFileType = sourcecode.swift; path = SubmitLinkViewController.swift; sourceTree = "<group>"; };
		F57F408D1D463FBD003236E6 /* FindOnMapViewController.swift */ = {isa = PBXFileReference; fileEncoding = 4; lastKnownFileType = sourcecode.swift; path = FindOnMapViewController.swift; sourceTree = "<group>"; };
/* End PBXFileReference section */

/* Begin PBXFrameworksBuildPhase section */
		20D514811CDBAD9D000FB081 /* Frameworks */ = {
			isa = PBXFrameworksBuildPhase;
			buildActionMask = 2147483647;
			files = (
			);
			runOnlyForDeploymentPostprocessing = 0;
		};
/* End PBXFrameworksBuildPhase section */

/* Begin PBXGroup section */
		20535F361D02F71800002A85 /* Controllers */ = {
			isa = PBXGroup;
			children = (
				203E2ACF1CE77F6B00D55FBC /* FindLocationViewController.swift */,
				203E2ACD1CE7745500D55FBC /* MainTabBarController.swift */,
				20D514891CDBAD9D000FB081 /* LoginViewController.swift */,
				203E2AC71CE757D400D55FBC /* MapViewController.swift */,
				203E2AC91CE757E600D55FBC /* ListViewController.swift */,
				F57F408D1D463FBD003236E6 /* FindOnMapViewController.swift */,
				F54F39A51D4672520081DB02 /* SubmitLinkViewController.swift */,
			);
			name = Controllers;
			sourceTree = "<group>";
		};
		20535F371D02F72100002A85 /* Helpers */ = {
			isa = PBXGroup;
			children = (
				203E2AC51CE7549200D55FBC /* GCDBlackBox.swift */,
				20535F3D1D02FC7E00002A85 /* OTMClient.swift */,
				20535F3F1D0302DC00002A85 /* OTMConvenience.swift */,
				2016C8A61D1B20220060651D /* OTMConstants.swift */,
			);
			name = Helpers;
			sourceTree = "<group>";
		};
		20535F381D02F74400002A85 /* Models */ = {
			isa = PBXGroup;
			children = (
				203E2ACB1CE75B2D00D55FBC /* UserCheckin.swift */,
				203E2AD31CEE2AFF00D55FBC /* UserPost.swift */,
			);
			name = Models;
			sourceTree = "<group>";
		};
		20535F391D02F76500002A85 /* Storyboards */ = {
			isa = PBXGroup;
			children = (
				20D5148B1CDBAD9D000FB081 /* Main.storyboard */,
				20D514901CDBAD9D000FB081 /* LaunchScreen.storyboard */,
			);
			name = Storyboards;
			sourceTree = "<group>";
		};
		20535F3A1D02F7FD00002A85 /* Extensions */ = {
			isa = PBXGroup;
			children = (
				20535F3B1D02F81300002A85 /* UIViewController.swift */,
			);
			name = Extensions;
			sourceTree = "<group>";
		};
		20D5147B1CDBAD9D000FB081 = {
			isa = PBXGroup;
			children = (
				20D514861CDBAD9D000FB081 /* OnTheMap */,
				20D514851CDBAD9D000FB081 /* Products */,
			);
			sourceTree = "<group>";
		};
		20D514851CDBAD9D000FB081 /* Products */ = {
			isa = PBXGroup;
			children = (
				20D514841CDBAD9D000FB081 /* OnTheMap.app */,
			);
			name = Products;
			sourceTree = "<group>";
		};
		20D514861CDBAD9D000FB081 /* OnTheMap */ = {
			isa = PBXGroup;
			children = (
				20535F3A1D02F7FD00002A85 /* Extensions */,
				20535F391D02F76500002A85 /* Storyboards */,
				20535F381D02F74400002A85 /* Models */,
				20535F371D02F72100002A85 /* Helpers */,
				20535F361D02F71800002A85 /* Controllers */,
				20D5148E1CDBAD9D000FB081 /* Assets.xcassets */,
				20D514871CDBAD9D000FB081 /* AppDelegate.swift */,
				20D514931CDBAD9D000FB081 /* Info.plist */,
			);
			path = OnTheMap;
			sourceTree = "<group>";
		};
/* End PBXGroup section */

/* Begin PBXNativeTarget section */
		20D514831CDBAD9D000FB081 /* OnTheMap */ = {
			isa = PBXNativeTarget;
			buildConfigurationList = 20D514961CDBAD9D000FB081 /* Build configuration list for PBXNativeTarget "OnTheMap" */;
			buildPhases = (
				20D514801CDBAD9D000FB081 /* Sources */,
				20D514811CDBAD9D000FB081 /* Frameworks */,
				20D514821CDBAD9D000FB081 /* Resources */,
			);
			buildRules = (
			);
			dependencies = (
			);
			name = OnTheMap;
			productName = OnTheMap;
			productReference = 20D514841CDBAD9D000FB081 /* OnTheMap.app */;
			productType = "com.apple.product-type.application";
		};
/* End PBXNativeTarget section */

/* Begin PBXProject section */
		20D5147C1CDBAD9D000FB081 /* Project object */ = {
			isa = PBXProject;
			attributes = {
				LastSwiftUpdateCheck = 0730;
				LastUpgradeCheck = 0730;
				ORGANIZATIONNAME = "Marcin Lament";
				TargetAttributes = {
					20D514831CDBAD9D000FB081 = {
						CreatedOnToolsVersion = 7.3;
					};
				};
			};
			buildConfigurationList = 20D5147F1CDBAD9D000FB081 /* Build configuration list for PBXProject "OnTheMap" */;
			compatibilityVersion = "Xcode 3.2";
			developmentRegion = English;
			hasScannedForEncodings = 0;
			knownRegions = (
				en,
				Base,
			);
			mainGroup = 20D5147B1CDBAD9D000FB081;
			productRefGroup = 20D514851CDBAD9D000FB081 /* Products */;
			projectDirPath = "";
			projectRoot = "";
			targets = (
				20D514831CDBAD9D000FB081 /* OnTheMap */,
			);
		};
/* End PBXProject section */

/* Begin PBXResourcesBuildPhase section */
		20D514821CDBAD9D000FB081 /* Resources */ = {
			isa = PBXResourcesBuildPhase;
			buildActionMask = 2147483647;
			files = (
				20D514921CDBAD9D000FB081 /* LaunchScreen.storyboard in Resources */,
				20D5148F1CDBAD9D000FB081 /* Assets.xcassets in Resources */,
				20D5148D1CDBAD9D000FB081 /* Main.storyboard in Resources */,
			);
			runOnlyForDeploymentPostprocessing = 0;
		};
/* End PBXResourcesBuildPhase section */

/* Begin PBXSourcesBuildPhase section */
		20D514801CDBAD9D000FB081 /* Sources */ = {
			isa = PBXSourcesBuildPhase;
			buildActionMask = 2147483647;
			files = (
				203E2AC61CE7549200D55FBC /* GCDBlackBox.swift in Sources */,
				20D5148A1CDBAD9D000FB081 /* LoginViewController.swift in Sources */,
				2016C8A71D1B20220060651D /* OTMConstants.swift in Sources */,
				203E2ACA1CE757E600D55FBC /* ListViewController.swift in Sources */,
				20535F3C1D02F81300002A85 /* UIViewController.swift in Sources */,
				20535F3E1D02FC7E00002A85 /* OTMClient.swift in Sources */,
				203E2AD01CE77F6B00D55FBC /* FindLocationViewController.swift in Sources */,
				203E2AD41CEE2AFF00D55FBC /* UserPost.swift in Sources */,
				20D514881CDBAD9D000FB081 /* AppDelegate.swift in Sources */,
				203E2AC81CE757D400D55FBC /* MapViewController.swift in Sources */,
				F54F39A61D4672520081DB02 /* SubmitLinkViewController.swift in Sources */,
				20535F401D0302DC00002A85 /* OTMConvenience.swift in Sources */,
				203E2ACC1CE75B2D00D55FBC /* UserCheckin.swift in Sources */,
				F57F408E1D463FBD003236E6 /* FindOnMapViewController.swift in Sources */,
				203E2ACE1CE7745500D55FBC /* MainTabBarController.swift in Sources */,
			);
			runOnlyForDeploymentPostprocessing = 0;
		};
/* End PBXSourcesBuildPhase section */

/* Begin PBXVariantGroup section */
		20D5148B1CDBAD9D000FB081 /* Main.storyboard */ = {
			isa = PBXVariantGroup;
			children = (
				20D5148C1CDBAD9D000FB081 /* Base */,
			);
			name = Main.storyboard;
			sourceTree = "<group>";
		};
		20D514901CDBAD9D000FB081 /* LaunchScreen.storyboard */ = {
			isa = PBXVariantGroup;
			children = (
				20D514911CDBAD9D000FB081 /* Base */,
			);
			name = LaunchScreen.storyboard;
			sourceTree = "<group>";
		};
/* End PBXVariantGroup section */

/* Begin XCBuildConfiguration section */
		20D514941CDBAD9D000FB081 /* Debug */ = {
			isa = XCBuildConfiguration;
			buildSettings = {
				ALWAYS_SEARCH_USER_PATHS = NO;
				CLANG_ANALYZER_NONNULL = YES;
				CLANG_CXX_LANGUAGE_STANDARD = "gnu++0x";
				CLANG_CXX_LIBRARY = "libc++";
				CLANG_ENABLE_MODULES = YES;
				CLANG_ENABLE_OBJC_ARC = YES;
				CLANG_WARN_BOOL_CONVERSION = YES;
				CLANG_WARN_CONSTANT_CONVERSION = YES;
				CLANG_WARN_DIRECT_OBJC_ISA_USAGE = YES_ERROR;
				CLANG_WARN_EMPTY_BODY = YES;
				CLANG_WARN_ENUM_CONVERSION = YES;
				CLANG_WARN_INT_CONVERSION = YES;
				CLANG_WARN_OBJC_ROOT_CLASS = YES_ERROR;
				CLANG_WARN_UNREACHABLE_CODE = YES;
				CLANG_WARN__DUPLICATE_METHOD_MATCH = YES;
				"CODE_SIGN_IDENTITY[sdk=iphoneos*]" = "iPhone Developer";
				COPY_PHASE_STRIP = NO;
				DEBUG_INFORMATION_FORMAT = dwarf;
				ENABLE_STRICT_OBJC_MSGSEND = YES;
				ENABLE_TESTABILITY = YES;
				GCC_C_LANGUAGE_STANDARD = gnu99;
				GCC_DYNAMIC_NO_PIC = NO;
				GCC_NO_COMMON_BLOCKS = YES;
				GCC_OPTIMIZATION_LEVEL = 0;
				GCC_PREPROCESSOR_DEFINITIONS = (
					"DEBUG=1",
					"$(inherited)",
				);
				GCC_WARN_64_TO_32_BIT_CONVERSION = YES;
				GCC_WARN_ABOUT_RETURN_TYPE = YES_ERROR;
				GCC_WARN_UNDECLARED_SELECTOR = YES;
				GCC_WARN_UNINITIALIZED_AUTOS = YES_AGGRESSIVE;
				GCC_WARN_UNUSED_FUNCTION = YES;
				GCC_WARN_UNUSED_VARIABLE = YES;
				IPHONEOS_DEPLOYMENT_TARGET = 9.3;
				MTL_ENABLE_DEBUG_INFO = YES;
				ONLY_ACTIVE_ARCH = YES;
				SDKROOT = iphoneos;
				SWIFT_OPTIMIZATION_LEVEL = "-Onone";
				TARGETED_DEVICE_FAMILY = "1,2";
			};
			name = Debug;
		};
		20D514951CDBAD9D000FB081 /* Release */ = {
			isa = XCBuildConfiguration;
			buildSettings = {
				ALWAYS_SEARCH_USER_PATHS = NO;
				CLANG_ANALYZER_NONNULL = YES;
				CLANG_CXX_LANGUAGE_STANDARD = "gnu++0x";
				CLANG_CXX_LIBRARY = "libc++";
				CLANG_ENABLE_MODULES = YES;
				CLANG_ENABLE_OBJC_ARC = YES;
				CLANG_WARN_BOOL_CONVERSION = YES;
				CLANG_WARN_CONSTANT_CONVERSION = YES;
				CLANG_WARN_DIRECT_OBJC_ISA_USAGE = YES_ERROR;
				CLANG_WARN_EMPTY_BODY = YES;
				CLANG_WARN_ENUM_CONVERSION = YES;
				CLANG_WARN_INT_CONVERSION = YES;
				CLANG_WARN_OBJC_ROOT_CLASS = YES_ERROR;
				CLANG_WARN_UNREACHABLE_CODE = YES;
				CLANG_WARN__DUPLICATE_METHOD_MATCH = YES;
				"CODE_SIGN_IDENTITY[sdk=iphoneos*]" = "iPhone Developer";
				COPY_PHASE_STRIP = NO;
				DEBUG_INFORMATION_FORMAT = "dwarf-with-dsym";
				ENABLE_NS_ASSERTIONS = NO;
				ENABLE_STRICT_OBJC_MSGSEND = YES;
				GCC_C_LANGUAGE_STANDARD = gnu99;
				GCC_NO_COMMON_BLOCKS = YES;
				GCC_WARN_64_TO_32_BIT_CONVERSION = YES;
				GCC_WARN_ABOUT_RETURN_TYPE = YES_ERROR;
				GCC_WARN_UNDECLARED_SELECTOR = YES;
				GCC_WARN_UNINITIALIZED_AUTOS = YES_AGGRESSIVE;
				GCC_WARN_UNUSED_FUNCTION = YES;
				GCC_WARN_UNUSED_VARIABLE = YES;
				IPHONEOS_DEPLOYMENT_TARGET = 9.3;
				MTL_ENABLE_DEBUG_INFO = NO;
				SDKROOT = iphoneos;
				TARGETED_DEVICE_FAMILY = "1,2";
				VALIDATE_PRODUCT = YES;
			};
			name = Release;
		};
		20D514971CDBAD9D000FB081 /* Debug */ = {
			isa = XCBuildConfiguration;
			buildSettings = {
				ASSETCATALOG_COMPILER_APPICON_NAME = AppIcon;
				INFOPLIST_FILE = OnTheMap/Info.plist;
				LD_RUNPATH_SEARCH_PATHS = "$(inherited) @executable_path/Frameworks";
				PRODUCT_BUNDLE_IDENTIFIER = com.lammar.OnTheMap;
				PRODUCT_NAME = "$(TARGET_NAME)";
			};
			name = Debug;
		};
		20D514981CDBAD9D000FB081 /* Release */ = {
			isa = XCBuildConfiguration;
			buildSettings = {
				ASSETCATALOG_COMPILER_APPICON_NAME = AppIcon;
				INFOPLIST_FILE = OnTheMap/Info.plist;
				LD_RUNPATH_SEARCH_PATHS = "$(inherited) @executable_path/Frameworks";
				PRODUCT_BUNDLE_IDENTIFIER = com.lammar.OnTheMap;
				PRODUCT_NAME = "$(TARGET_NAME)";
			};
			name = Release;
		};
/* End XCBuildConfiguration section */

/* Begin XCConfigurationList section */
		20D5147F1CDBAD9D000FB081 /* Build configuration list for PBXProject "OnTheMap" */ = {
			isa = XCConfigurationList;
			buildConfigurations = (
				20D514941CDBAD9D000FB081 /* Debug */,
				20D514951CDBAD9D000FB081 /* Release */,
			);
			defaultConfigurationIsVisible = 0;
			defaultConfigurationName = Release;
		};
		20D514961CDBAD9D000FB081 /* Build configuration list for PBXNativeTarget "OnTheMap" */ = {
			isa = XCConfigurationList;
			buildConfigurations = (
				20D514971CDBAD9D000FB081 /* Debug */,
				20D514981CDBAD9D000FB081 /* Release */,
			);
			defaultConfigurationIsVisible = 0;
			defaultConfigurationName = Release;
		};
/* End XCConfigurationList section */
	};
	rootObject = 20D5147C1CDBAD9D000FB081 /* Project object */;
}
